// !$*UTF8*$!
{
	archiveVersion = 1;
	classes = {
	};
	objectVersion = 51;
	objects = {

/* Begin PBXBuildFile section */
		0A2BF2373C82EAD0198D75B0 /* Pods_ParstagramTests.framework in Frameworks */ = {isa = PBXBuildFile; fileRef = 7B7495D3BB6374E6CB0FC2D3 /* Pods_ParstagramTests.framework */; };
		6130585025FAEA6900560C19 /* CameraViewController.swift in Sources */ = {isa = PBXBuildFile; fileRef = 6130584F25FAEA6900560C19 /* CameraViewController.swift */; };
		6130586925FB150800560C19 /* PostCell.swift in Sources */ = {isa = PBXBuildFile; fileRef = 6130586825FB150800560C19 /* PostCell.swift */; };
		615064AB25FA9C9E00FE8574 /* AppDelegate.swift in Sources */ = {isa = PBXBuildFile; fileRef = 615064AA25FA9C9E00FE8574 /* AppDelegate.swift */; };
		615064AD25FA9C9E00FE8574 /* SceneDelegate.swift in Sources */ = {isa = PBXBuildFile; fileRef = 615064AC25FA9C9E00FE8574 /* SceneDelegate.swift */; };
		615064B225FA9C9E00FE8574 /* Main.storyboard in Resources */ = {isa = PBXBuildFile; fileRef = 615064B025FA9C9E00FE8574 /* Main.storyboard */; };
		615064B425FA9CA000FE8574 /* Assets.xcassets in Resources */ = {isa = PBXBuildFile; fileRef = 615064B325FA9CA000FE8574 /* Assets.xcassets */; };
		615064B725FA9CA000FE8574 /* LaunchScreen.storyboard in Resources */ = {isa = PBXBuildFile; fileRef = 615064B525FA9CA000FE8574 /* LaunchScreen.storyboard */; };
		615064C225FA9CA000FE8574 /* ParstagramTests.swift in Sources */ = {isa = PBXBuildFile; fileRef = 615064C125FA9CA000FE8574 /* ParstagramTests.swift */; };
		615064CD25FA9CA000FE8574 /* ParstagramUITests.swift in Sources */ = {isa = PBXBuildFile; fileRef = 615064CC25FA9CA000FE8574 /* ParstagramUITests.swift */; };
		61A0FC7C25FAD975009FCC8D /* LoginViewController.swift in Sources */ = {isa = PBXBuildFile; fileRef = 61A0FC7B25FAD975009FCC8D /* LoginViewController.swift */; };
		61A0FC8125FAD986009FCC8D /* FeedViewController.swift in Sources */ = {isa = PBXBuildFile; fileRef = 61A0FC8025FAD986009FCC8D /* FeedViewController.swift */; };
		99AA4F9CB067C5A817E5A67E /* Pods_Parstagram.framework in Frameworks */ = {isa = PBXBuildFile; fileRef = DB2687C06CEEF628D616A07A /* Pods_Parstagram.framework */; };
		C4BA0D749A673967F0A35510 /* Pods_Parstagram_ParstagramUITests.framework in Frameworks */ = {isa = PBXBuildFile; fileRef = E03B37ADCBA0026389F8B3F4 /* Pods_Parstagram_ParstagramUITests.framework */; };
/* End PBXBuildFile section */

/* Begin PBXContainerItemProxy section */
		615064BE25FA9CA000FE8574 /* PBXContainerItemProxy */ = {
			isa = PBXContainerItemProxy;
			containerPortal = 6150649F25FA9C9E00FE8574 /* Project object */;
			proxyType = 1;
			remoteGlobalIDString = 615064A625FA9C9E00FE8574;
			remoteInfo = Parstagram;
		};
		615064C925FA9CA000FE8574 /* PBXContainerItemProxy */ = {
			isa = PBXContainerItemProxy;
			containerPortal = 6150649F25FA9C9E00FE8574 /* Project object */;
			proxyType = 1;
			remoteGlobalIDString = 615064A625FA9C9E00FE8574;
			remoteInfo = Parstagram;
		};
/* End PBXContainerItemProxy section */

/* Begin PBXFileReference section */
		13214679FBCD8718E1A3DAAF /* Pods-ParstagramTests.release.xcconfig */ = {isa = PBXFileReference; includeInIndex = 1; lastKnownFileType = text.xcconfig; name = "Pods-ParstagramTests.release.xcconfig"; path = "Target Support Files/Pods-ParstagramTests/Pods-ParstagramTests.release.xcconfig"; sourceTree = "<group>"; };
		6130584F25FAEA6900560C19 /* CameraViewController.swift */ = {isa = PBXFileReference; lastKnownFileType = sourcecode.swift; path = CameraViewController.swift; sourceTree = "<group>"; };
		6130586825FB150800560C19 /* PostCell.swift */ = {isa = PBXFileReference; lastKnownFileType = sourcecode.swift; path = PostCell.swift; sourceTree = "<group>"; };
		615064A725FA9C9E00FE8574 /* Parstagram.app */ = {isa = PBXFileReference; explicitFileType = wrapper.application; includeInIndex = 0; path = Parstagram.app; sourceTree = BUILT_PRODUCTS_DIR; };
		615064AA25FA9C9E00FE8574 /* AppDelegate.swift */ = {isa = PBXFileReference; lastKnownFileType = sourcecode.swift; path = AppDelegate.swift; sourceTree = "<group>"; };
		615064AC25FA9C9E00FE8574 /* SceneDelegate.swift */ = {isa = PBXFileReference; lastKnownFileType = sourcecode.swift; path = SceneDelegate.swift; sourceTree = "<group>"; };
		615064B125FA9C9E00FE8574 /* Base */ = {isa = PBXFileReference; lastKnownFileType = file.storyboard; name = Base; path = Base.lproj/Main.storyboard; sourceTree = "<group>"; };
		615064B325FA9CA000FE8574 /* Assets.xcassets */ = {isa = PBXFileReference; lastKnownFileType = folder.assetcatalog; path = Assets.xcassets; sourceTree = "<group>"; };
		615064B625FA9CA000FE8574 /* Base */ = {isa = PBXFileReference; lastKnownFileType = file.storyboard; name = Base; path = Base.lproj/LaunchScreen.storyboard; sourceTree = "<group>"; };
		615064B825FA9CA000FE8574 /* Info.plist */ = {isa = PBXFileReference; lastKnownFileType = text.plist.xml; path = Info.plist; sourceTree = "<group>"; };
		615064BD25FA9CA000FE8574 /* ParstagramTests.xctest */ = {isa = PBXFileReference; explicitFileType = wrapper.cfbundle; includeInIndex = 0; path = ParstagramTests.xctest; sourceTree = BUILT_PRODUCTS_DIR; };
		615064C125FA9CA000FE8574 /* ParstagramTests.swift */ = {isa = PBXFileReference; lastKnownFileType = sourcecode.swift; path = ParstagramTests.swift; sourceTree = "<group>"; };
		615064C325FA9CA000FE8574 /* Info.plist */ = {isa = PBXFileReference; lastKnownFileType = text.plist.xml; path = Info.plist; sourceTree = "<group>"; };
		615064C825FA9CA000FE8574 /* ParstagramUITests.xctest */ = {isa = PBXFileReference; explicitFileType = wrapper.cfbundle; includeInIndex = 0; path = ParstagramUITests.xctest; sourceTree = BUILT_PRODUCTS_DIR; };
		615064CC25FA9CA000FE8574 /* ParstagramUITests.swift */ = {isa = PBXFileReference; lastKnownFileType = sourcecode.swift; path = ParstagramUITests.swift; sourceTree = "<group>"; };
		615064CE25FA9CA000FE8574 /* Info.plist */ = {isa = PBXFileReference; lastKnownFileType = text.plist.xml; path = Info.plist; sourceTree = "<group>"; };
		61A0FC7B25FAD975009FCC8D /* LoginViewController.swift */ = {isa = PBXFileReference; lastKnownFileType = sourcecode.swift; path = LoginViewController.swift; sourceTree = "<group>"; };
		61A0FC8025FAD986009FCC8D /* FeedViewController.swift */ = {isa = PBXFileReference; lastKnownFileType = sourcecode.swift; path = FeedViewController.swift; sourceTree = "<group>"; };
		7B7495D3BB6374E6CB0FC2D3 /* Pods_ParstagramTests.framework */ = {isa = PBXFileReference; explicitFileType = wrapper.framework; includeInIndex = 0; path = Pods_ParstagramTests.framework; sourceTree = BUILT_PRODUCTS_DIR; };
		8CF9B13DB57147E0A972B264 /* Pods-Parstagram-ParstagramUITests.release.xcconfig */ = {isa = PBXFileReference; includeInIndex = 1; lastKnownFileType = text.xcconfig; name = "Pods-Parstagram-ParstagramUITests.release.xcconfig"; path = "Target Support Files/Pods-Parstagram-ParstagramUITests/Pods-Parstagram-ParstagramUITests.release.xcconfig"; sourceTree = "<group>"; };
		9072853D5D6B2EF1197CE914 /* Pods-Parstagram.debug.xcconfig */ = {isa = PBXFileReference; includeInIndex = 1; lastKnownFileType = text.xcconfig; name = "Pods-Parstagram.debug.xcconfig"; path = "Target Support Files/Pods-Parstagram/Pods-Parstagram.debug.xcconfig"; sourceTree = "<group>"; };
		991C8FF7BB2E1E7ACC2F7C86 /* Pods-ParstagramTests.debug.xcconfig */ = {isa = PBXFileReference; includeInIndex = 1; lastKnownFileType = text.xcconfig; name = "Pods-ParstagramTests.debug.xcconfig"; path = "Target Support Files/Pods-ParstagramTests/Pods-ParstagramTests.debug.xcconfig"; sourceTree = "<group>"; };
		CDD9CE2D7E06801EE0919E90 /* Pods-Parstagram-ParstagramUITests.debug.xcconfig */ = {isa = PBXFileReference; includeInIndex = 1; lastKnownFileType = text.xcconfig; name = "Pods-Parstagram-ParstagramUITests.debug.xcconfig"; path = "Target Support Files/Pods-Parstagram-ParstagramUITests/Pods-Parstagram-ParstagramUITests.debug.xcconfig"; sourceTree = "<group>"; };
		DB2687C06CEEF628D616A07A /* Pods_Parstagram.framework */ = {isa = PBXFileReference; explicitFileType = wrapper.framework; includeInIndex = 0; path = Pods_Parstagram.framework; sourceTree = BUILT_PRODUCTS_DIR; };
		E03B37ADCBA0026389F8B3F4 /* Pods_Parstagram_ParstagramUITests.framework */ = {isa = PBXFileReference; explicitFileType = wrapper.framework; includeInIndex = 0; path = Pods_Parstagram_ParstagramUITests.framework; sourceTree = BUILT_PRODUCTS_DIR; };
		E11F5B3647C945F5692B7B27 /* Pods-Parstagram.release.xcconfig */ = {isa = PBXFileReference; includeInIndex = 1; lastKnownFileType = text.xcconfig; name = "Pods-Parstagram.release.xcconfig"; path = "Target Support Files/Pods-Parstagram/Pods-Parstagram.release.xcconfig"; sourceTree = "<group>"; };
/* End PBXFileReference section */

/* Begin PBXFrameworksBuildPhase section */
		615064A425FA9C9E00FE8574 /* Frameworks */ = {
			isa = PBXFrameworksBuildPhase;
			buildActionMask = 2147483647;
			files = (
				99AA4F9CB067C5A817E5A67E /* Pods_Parstagram.framework in Frameworks */,
			);
			runOnlyForDeploymentPostprocessing = 0;
		};
		615064BA25FA9CA000FE8574 /* Frameworks */ = {
			isa = PBXFrameworksBuildPhase;
			buildActionMask = 2147483647;
			files = (
				0A2BF2373C82EAD0198D75B0 /* Pods_ParstagramTests.framework in Frameworks */,
			);
			runOnlyForDeploymentPostprocessing = 0;
		};
		615064C525FA9CA000FE8574 /* Frameworks */ = {
			isa = PBXFrameworksBuildPhase;
			buildActionMask = 2147483647;
			files = (
				C4BA0D749A673967F0A35510 /* Pods_Parstagram_ParstagramUITests.framework in Frameworks */,
			);
			runOnlyForDeploymentPostprocessing = 0;
		};
/* End PBXFrameworksBuildPhase section */

/* Begin PBXGroup section */
		1D68AF9A15EF9063F5B7BA24 /* Pods */ = {
			isa = PBXGroup;
			children = (
				9072853D5D6B2EF1197CE914 /* Pods-Parstagram.debug.xcconfig */,
				E11F5B3647C945F5692B7B27 /* Pods-Parstagram.release.xcconfig */,
				CDD9CE2D7E06801EE0919E90 /* Pods-Parstagram-ParstagramUITests.debug.xcconfig */,
				8CF9B13DB57147E0A972B264 /* Pods-Parstagram-ParstagramUITests.release.xcconfig */,
				991C8FF7BB2E1E7ACC2F7C86 /* Pods-ParstagramTests.debug.xcconfig */,
				13214679FBCD8718E1A3DAAF /* Pods-ParstagramTests.release.xcconfig */,
			);
			path = Pods;
			sourceTree = "<group>";
		};
		6150649E25FA9C9E00FE8574 = {
			isa = PBXGroup;
			children = (
				615064A925FA9C9E00FE8574 /* Parstagram */,
				615064C025FA9CA000FE8574 /* ParstagramTests */,
				615064CB25FA9CA000FE8574 /* ParstagramUITests */,
				615064A825FA9C9E00FE8574 /* Products */,
				1D68AF9A15EF9063F5B7BA24 /* Pods */,
				AF10192299EB65AA01F667EF /* Frameworks */,
			);
			sourceTree = "<group>";
		};
		615064A825FA9C9E00FE8574 /* Products */ = {
			isa = PBXGroup;
			children = (
				615064A725FA9C9E00FE8574 /* Parstagram.app */,
				615064BD25FA9CA000FE8574 /* ParstagramTests.xctest */,
				615064C825FA9CA000FE8574 /* ParstagramUITests.xctest */,
			);
			name = Products;
			sourceTree = "<group>";
		};
		615064A925FA9C9E00FE8574 /* Parstagram */ = {
			isa = PBXGroup;
			children = (
				615064AA25FA9C9E00FE8574 /* AppDelegate.swift */,
				615064AC25FA9C9E00FE8574 /* SceneDelegate.swift */,
				615064B025FA9C9E00FE8574 /* Main.storyboard */,
				615064B325FA9CA000FE8574 /* Assets.xcassets */,
				615064B525FA9CA000FE8574 /* LaunchScreen.storyboard */,
				61A0FC7B25FAD975009FCC8D /* LoginViewController.swift */,
				61A0FC8025FAD986009FCC8D /* FeedViewController.swift */,
				615064B825FA9CA000FE8574 /* Info.plist */,
				6130584F25FAEA6900560C19 /* CameraViewController.swift */,
				6130586825FB150800560C19 /* PostCell.swift */,
			);
			path = Parstagram;
			sourceTree = "<group>";
		};
		615064C025FA9CA000FE8574 /* ParstagramTests */ = {
			isa = PBXGroup;
			children = (
				615064C125FA9CA000FE8574 /* ParstagramTests.swift */,
				615064C325FA9CA000FE8574 /* Info.plist */,
			);
			path = ParstagramTests;
			sourceTree = "<group>";
		};
		615064CB25FA9CA000FE8574 /* ParstagramUITests */ = {
			isa = PBXGroup;
			children = (
				615064CC25FA9CA000FE8574 /* ParstagramUITests.swift */,
				615064CE25FA9CA000FE8574 /* Info.plist */,
			);
			path = ParstagramUITests;
			sourceTree = "<group>";
		};
		AF10192299EB65AA01F667EF /* Frameworks */ = {
			isa = PBXGroup;
			children = (
				DB2687C06CEEF628D616A07A /* Pods_Parstagram.framework */,
				E03B37ADCBA0026389F8B3F4 /* Pods_Parstagram_ParstagramUITests.framework */,
				7B7495D3BB6374E6CB0FC2D3 /* Pods_ParstagramTests.framework */,
			);
			name = Frameworks;
			sourceTree = "<group>";
		};
/* End PBXGroup section */

/* Begin PBXNativeTarget section */
		615064A625FA9C9E00FE8574 /* Parstagram */ = {
			isa = PBXNativeTarget;
			buildConfigurationList = 615064D125FA9CA000FE8574 /* Build configuration list for PBXNativeTarget "Parstagram" */;
			buildPhases = (
				F78422C1BE55DB2CD00CE881 /* [CP] Check Pods Manifest.lock */,
				615064A325FA9C9E00FE8574 /* Sources */,
				615064A425FA9C9E00FE8574 /* Frameworks */,
				615064A525FA9C9E00FE8574 /* Resources */,
				354C4013A655749766CD5923 /* [CP] Embed Pods Frameworks */,
			);
			buildRules = (
			);
			dependencies = (
			);
			name = Parstagram;
			productName = Parstagram;
			productReference = 615064A725FA9C9E00FE8574 /* Parstagram.app */;
			productType = "com.apple.product-type.application";
		};
		615064BC25FA9CA000FE8574 /* ParstagramTests */ = {
			isa = PBXNativeTarget;
			buildConfigurationList = 615064D425FA9CA000FE8574 /* Build configuration list for PBXNativeTarget "ParstagramTests" */;
			buildPhases = (
				94BE5ACB6A997B028C23FEDC /* [CP] Check Pods Manifest.lock */,
				615064B925FA9CA000FE8574 /* Sources */,
				615064BA25FA9CA000FE8574 /* Frameworks */,
				615064BB25FA9CA000FE8574 /* Resources */,
			);
			buildRules = (
			);
			dependencies = (
				615064BF25FA9CA000FE8574 /* PBXTargetDependency */,
			);
			name = ParstagramTests;
			productName = ParstagramTests;
			productReference = 615064BD25FA9CA000FE8574 /* ParstagramTests.xctest */;
			productType = "com.apple.product-type.bundle.unit-test";
		};
		615064C725FA9CA000FE8574 /* ParstagramUITests */ = {
			isa = PBXNativeTarget;
			buildConfigurationList = 615064D725FA9CA000FE8574 /* Build configuration list for PBXNativeTarget "ParstagramUITests" */;
			buildPhases = (
				9B0C2A759E7FA2487D0A6F68 /* [CP] Check Pods Manifest.lock */,
				615064C425FA9CA000FE8574 /* Sources */,
				615064C525FA9CA000FE8574 /* Frameworks */,
				615064C625FA9CA000FE8574 /* Resources */,
				70DEC42EE5496ABBD2300AC0 /* [CP] Embed Pods Frameworks */,
			);
			buildRules = (
			);
			dependencies = (
				615064CA25FA9CA000FE8574 /* PBXTargetDependency */,
			);
			name = ParstagramUITests;
			productName = ParstagramUITests;
			productReference = 615064C825FA9CA000FE8574 /* ParstagramUITests.xctest */;
			productType = "com.apple.product-type.bundle.ui-testing";
		};
/* End PBXNativeTarget section */

/* Begin PBXProject section */
		6150649F25FA9C9E00FE8574 /* Project object */ = {
			isa = PBXProject;
			attributes = {
				LastSwiftUpdateCheck = 1240;
				LastUpgradeCheck = 1240;
				TargetAttributes = {
					615064A625FA9C9E00FE8574 = {
						CreatedOnToolsVersion = 12.4;
					};
					615064BC25FA9CA000FE8574 = {
						CreatedOnToolsVersion = 12.4;
						TestTargetID = 615064A625FA9C9E00FE8574;
					};
					615064C725FA9CA000FE8574 = {
						CreatedOnToolsVersion = 12.4;
						TestTargetID = 615064A625FA9C9E00FE8574;
					};
				};
			};
			buildConfigurationList = 615064A225FA9C9E00FE8574 /* Build configuration list for PBXProject "Parstagram" */;
			compatibilityVersion = "Xcode 9.3";
			developmentRegion = en;
			hasScannedForEncodings = 0;
			knownRegions = (
				en,
				Base,
			);
			mainGroup = 6150649E25FA9C9E00FE8574;
			productRefGroup = 615064A825FA9C9E00FE8574 /* Products */;
			projectDirPath = "";
			projectRoot = "";
			targets = (
				615064A625FA9C9E00FE8574 /* Parstagram */,
				615064BC25FA9CA000FE8574 /* ParstagramTests */,
				615064C725FA9CA000FE8574 /* ParstagramUITests */,
			);
		};
/* End PBXProject section */

/* Begin PBXResourcesBuildPhase section */
		615064A525FA9C9E00FE8574 /* Resources */ = {
			isa = PBXResourcesBuildPhase;
			buildActionMask = 2147483647;
			files = (
				615064B725FA9CA000FE8574 /* LaunchScreen.storyboard in Resources */,
				615064B425FA9CA000FE8574 /* Assets.xcassets in Resources */,
				615064B225FA9C9E00FE8574 /* Main.storyboard in Resources */,
			);
			runOnlyForDeploymentPostprocessing = 0;
		};
		615064BB25FA9CA000FE8574 /* Resources */ = {
			isa = PBXResourcesBuildPhase;
			buildActionMask = 2147483647;
			files = (
			);
			runOnlyForDeploymentPostprocessing = 0;
		};
		615064C625FA9CA000FE8574 /* Resources */ = {
			isa = PBXResourcesBuildPhase;
			buildActionMask = 2147483647;
			files = (
			);
			runOnlyForDeploymentPostprocessing = 0;
		};
/* End PBXResourcesBuildPhase section */

/* Begin PBXShellScriptBuildPhase section */
		354C4013A655749766CD5923 /* [CP] Embed Pods Frameworks */ = {
			isa = PBXShellScriptBuildPhase;
			buildActionMask = 2147483647;
			files = (
			);
			inputFileListPaths = (
				"${PODS_ROOT}/Target Support Files/Pods-Parstagram/Pods-Parstagram-frameworks-${CONFIGURATION}-input-files.xcfilelist",
			);
			name = "[CP] Embed Pods Frameworks";
			outputFileListPaths = (
				"${PODS_ROOT}/Target Support Files/Pods-Parstagram/Pods-Parstagram-frameworks-${CONFIGURATION}-output-files.xcfilelist",
			);
			runOnlyForDeploymentPostprocessing = 0;
			shellPath = /bin/sh;
			shellScript = "\"${PODS_ROOT}/Target Support Files/Pods-Parstagram/Pods-Parstagram-frameworks.sh\"\n";
			showEnvVarsInLog = 0;
		};
		70DEC42EE5496ABBD2300AC0 /* [CP] Embed Pods Frameworks */ = {
			isa = PBXShellScriptBuildPhase;
			buildActionMask = 2147483647;
			files = (
			);
			inputFileListPaths = (
				"${PODS_ROOT}/Target Support Files/Pods-Parstagram-ParstagramUITests/Pods-Parstagram-ParstagramUITests-frameworks-${CONFIGURATION}-input-files.xcfilelist",
			);
			name = "[CP] Embed Pods Frameworks";
			outputFileListPaths = (
				"${PODS_ROOT}/Target Support Files/Pods-Parstagram-ParstagramUITests/Pods-Parstagram-ParstagramUITests-frameworks-${CONFIGURATION}-output-files.xcfilelist",
			);
			runOnlyForDeploymentPostprocessing = 0;
			shellPath = /bin/sh;
			shellScript = "\"${PODS_ROOT}/Target Support Files/Pods-Parstagram-ParstagramUITests/Pods-Parstagram-ParstagramUITests-frameworks.sh\"\n";
			showEnvVarsInLog = 0;
		};
		94BE5ACB6A997B028C23FEDC /* [CP] Check Pods Manifest.lock */ = {
			isa = PBXShellScriptBuildPhase;
			buildActionMask = 2147483647;
			files = (
			);
			inputFileListPaths = (
			);
			inputPaths = (
				"${PODS_PODFILE_DIR_PATH}/Podfile.lock",
				"${PODS_ROOT}/Manifest.lock",
			);
			name = "[CP] Check Pods Manifest.lock";
			outputFileListPaths = (
			);
			outputPaths = (
				"$(DERIVED_FILE_DIR)/Pods-ParstagramTests-checkManifestLockResult.txt",
			);
			runOnlyForDeploymentPostprocessing = 0;
			shellPath = /bin/sh;
			shellScript = "diff \"${PODS_PODFILE_DIR_PATH}/Podfile.lock\" \"${PODS_ROOT}/Manifest.lock\" > /dev/null\nif [ $? != 0 ] ; then\n    # print error to STDERR\n    echo \"error: The sandbox is not in sync with the Podfile.lock. Run 'pod install' or update your CocoaPods installation.\" >&2\n    exit 1\nfi\n# This output is used by Xcode 'outputs' to avoid re-running this script phase.\necho \"SUCCESS\" > \"${SCRIPT_OUTPUT_FILE_0}\"\n";
			showEnvVarsInLog = 0;
		};
		9B0C2A759E7FA2487D0A6F68 /* [CP] Check Pods Manifest.lock */ = {
			isa = PBXShellScriptBuildPhase;
			buildActionMask = 2147483647;
			files = (
			);
			inputFileListPaths = (
			);
			inputPaths = (
				"${PODS_PODFILE_DIR_PATH}/Podfile.lock",
				"${PODS_ROOT}/Manifest.lock",
			);
			name = "[CP] Check Pods Manifest.lock";
			outputFileListPaths = (
			);
			outputPaths = (
				"$(DERIVED_FILE_DIR)/Pods-Parstagram-ParstagramUITests-checkManifestLockResult.txt",
			);
			runOnlyForDeploymentPostprocessing = 0;
			shellPath = /bin/sh;
			shellScript = "diff \"${PODS_PODFILE_DIR_PATH}/Podfile.lock\" \"${PODS_ROOT}/Manifest.lock\" > /dev/null\nif [ $? != 0 ] ; then\n    # print error to STDERR\n    echo \"error: The sandbox is not in sync with the Podfile.lock. Run 'pod install' or update your CocoaPods installation.\" >&2\n    exit 1\nfi\n# This output is used by Xcode 'outputs' to avoid re-running this script phase.\necho \"SUCCESS\" > \"${SCRIPT_OUTPUT_FILE_0}\"\n";
			showEnvVarsInLog = 0;
		};
		F78422C1BE55DB2CD00CE881 /* [CP] Check Pods Manifest.lock */ = {
			isa = PBXShellScriptBuildPhase;
			buildActionMask = 2147483647;
			files = (
			);
			inputFileListPaths = (
			);
			inputPaths = (
				"${PODS_PODFILE_DIR_PATH}/Podfile.lock",
				"${PODS_ROOT}/Manifest.lock",
			);
			name = "[CP] Check Pods Manifest.lock";
			outputFileListPaths = (
			);
			outputPaths = (
				"$(DERIVED_FILE_DIR)/Pods-Parstagram-checkManifestLockResult.txt",
			);
			runOnlyForDeploymentPostprocessing = 0;
			shellPath = /bin/sh;
			shellScript = "diff \"${PODS_PODFILE_DIR_PATH}/Podfile.lock\" \"${PODS_ROOT}/Manifest.lock\" > /dev/null\nif [ $? != 0 ] ; then\n    # print error to STDERR\n    echo \"error: The sandbox is not in sync with the Podfile.lock. Run 'pod install' or update your CocoaPods installation.\" >&2\n    exit 1\nfi\n# This output is used by Xcode 'outputs' to avoid re-running this script phase.\necho \"SUCCESS\" > \"${SCRIPT_OUTPUT_FILE_0}\"\n";
			showEnvVarsInLog = 0;
		};
/* End PBXShellScriptBuildPhase section */

/* Begin PBXSourcesBuildPhase section */
		615064A325FA9C9E00FE8574 /* Sources */ = {
			isa = PBXSourcesBuildPhase;
			buildActionMask = 2147483647;
			files = (
				61A0FC7C25FAD975009FCC8D /* LoginViewController.swift in Sources */,
				6130585025FAEA6900560C19 /* CameraViewController.swift in Sources */,
				615064AB25FA9C9E00FE8574 /* AppDelegate.swift in Sources */,
				61A0FC8125FAD986009FCC8D /* FeedViewController.swift in Sources */,
				615064AD25FA9C9E00FE8574 /* SceneDelegate.swift in Sources */,
				6130586925FB150800560C19 /* PostCell.swift in Sources */,
			);
			runOnlyForDeploymentPostprocessing = 0;
		};
		615064B925FA9CA000FE8574 /* Sources */ = {
			isa = PBXSourcesBuildPhase;
			buildActionMask = 2147483647;
			files = (
				615064C225FA9CA000FE8574 /* ParstagramTests.swift in Sources */,
			);
			runOnlyForDeploymentPostprocessing = 0;
		};
		615064C425FA9CA000FE8574 /* Sources */ = {
			isa = PBXSourcesBuildPhase;
			buildActionMask = 2147483647;
			files = (
				615064CD25FA9CA000FE8574 /* ParstagramUITests.swift in Sources */,
			);
			runOnlyForDeploymentPostprocessing = 0;
		};
/* End PBXSourcesBuildPhase section */

/* Begin PBXTargetDependency section */
		615064BF25FA9CA000FE8574 /* PBXTargetDependency */ = {
			isa = PBXTargetDependency;
			target = 615064A625FA9C9E00FE8574 /* Parstagram */;
			targetProxy = 615064BE25FA9CA000FE8574 /* PBXContainerItemProxy */;
		};
		615064CA25FA9CA000FE8574 /* PBXTargetDependency */ = {
			isa = PBXTargetDependency;
			target = 615064A625FA9C9E00FE8574 /* Parstagram */;
			targetProxy = 615064C925FA9CA000FE8574 /* PBXContainerItemProxy */;
		};
/* End PBXTargetDependency section */

/* Begin PBXVariantGroup section */
		615064B025FA9C9E00FE8574 /* Main.storyboard */ = {
			isa = PBXVariantGroup;
			children = (
				615064B125FA9C9E00FE8574 /* Base */,
			);
			name = Main.storyboard;
			sourceTree = "<group>";
		};
		615064B525FA9CA000FE8574 /* LaunchScreen.storyboard */ = {
			isa = PBXVariantGroup;
			children = (
				615064B625FA9CA000FE8574 /* Base */,
			);
			name = LaunchScreen.storyboard;
			sourceTree = "<group>";
		};
/* End PBXVariantGroup section */

/* Begin XCBuildConfiguration section */
		615064CF25FA9CA000FE8574 /* Debug */ = {
			isa = XCBuildConfiguration;
			buildSettings = {
				ALWAYS_SEARCH_USER_PATHS = NO;
				CLANG_ANALYZER_NONNULL = YES;
				CLANG_ANALYZER_NUMBER_OBJECT_CONVERSION = YES_AGGRESSIVE;
				CLANG_CXX_LANGUAGE_STANDARD = "gnu++14";
				CLANG_CXX_LIBRARY = "libc++";
				CLANG_ENABLE_MODULES = YES;
				CLANG_ENABLE_OBJC_ARC = YES;
				CLANG_ENABLE_OBJC_WEAK = YES;
				CLANG_WARN_BLOCK_CAPTURE_AUTORELEASING = YES;
				CLANG_WARN_BOOL_CONVERSION = YES;
				CLANG_WARN_COMMA = YES;
				CLANG_WARN_CONSTANT_CONVERSION = YES;
				CLANG_WARN_DEPRECATED_OBJC_IMPLEMENTATIONS = YES;
				CLANG_WARN_DIRECT_OBJC_ISA_USAGE = YES_ERROR;
				CLANG_WARN_DOCUMENTATION_COMMENTS = YES;
				CLANG_WARN_EMPTY_BODY = YES;
				CLANG_WARN_ENUM_CONVERSION = YES;
				CLANG_WARN_INFINITE_RECURSION = YES;
				CLANG_WARN_INT_CONVERSION = YES;
				CLANG_WARN_NON_LITERAL_NULL_CONVERSION = YES;
				CLANG_WARN_OBJC_IMPLICIT_RETAIN_SELF = YES;
				CLANG_WARN_OBJC_LITERAL_CONVERSION = YES;
				CLANG_WARN_OBJC_ROOT_CLASS = YES_ERROR;
				CLANG_WARN_QUOTED_INCLUDE_IN_FRAMEWORK_HEADER = YES;
				CLANG_WARN_RANGE_LOOP_ANALYSIS = YES;
				CLANG_WARN_STRICT_PROTOTYPES = YES;
				CLANG_WARN_SUSPICIOUS_MOVE = YES;
				CLANG_WARN_UNGUARDED_AVAILABILITY = YES_AGGRESSIVE;
				CLANG_WARN_UNREACHABLE_CODE = YES;
				CLANG_WARN__DUPLICATE_METHOD_MATCH = YES;
				COPY_PHASE_STRIP = NO;
				DEBUG_INFORMATION_FORMAT = dwarf;
				ENABLE_STRICT_OBJC_MSGSEND = YES;
				ENABLE_TESTABILITY = YES;
				GCC_C_LANGUAGE_STANDARD = gnu11;
				GCC_DYNAMIC_NO_PIC = NO;
				GCC_NO_COMMON_BLOCKS = YES;
				GCC_OPTIMIZATION_LEVEL = 0;
				GCC_PREPROCESSOR_DEFINITIONS = (
					"DEBUG=1",
					"$(inherited)",
				);
				GCC_WARN_64_TO_32_BIT_CONVERSION = YES;
				GCC_WARN_ABOUT_RETURN_TYPE = YES_ERROR;
				GCC_WARN_UNDECLARED_SELECTOR = YES;
				GCC_WARN_UNINITIALIZED_AUTOS = YES_AGGRESSIVE;
				GCC_WARN_UNUSED_FUNCTION = YES;
				GCC_WARN_UNUSED_VARIABLE = YES;
				IPHONEOS_DEPLOYMENT_TARGET = 14.4;
				MTL_ENABLE_DEBUG_INFO = INCLUDE_SOURCE;
				MTL_FAST_MATH = YES;
				ONLY_ACTIVE_ARCH = YES;
				SDKROOT = iphoneos;
				SWIFT_ACTIVE_COMPILATION_CONDITIONS = DEBUG;
				SWIFT_OPTIMIZATION_LEVEL = "-Onone";
			};
			name = Debug;
		};
		615064D025FA9CA000FE8574 /* Release */ = {
			isa = XCBuildConfiguration;
			buildSettings = {
				ALWAYS_SEARCH_USER_PATHS = NO;
				CLANG_ANALYZER_NONNULL = YES;
				CLANG_ANALYZER_NUMBER_OBJECT_CONVERSION = YES_AGGRESSIVE;
				CLANG_CXX_LANGUAGE_STANDARD = "gnu++14";
				CLANG_CXX_LIBRARY = "libc++";
				CLANG_ENABLE_MODULES = YES;
				CLANG_ENABLE_OBJC_ARC = YES;
				CLANG_ENABLE_OBJC_WEAK = YES;
				CLANG_WARN_BLOCK_CAPTURE_AUTORELEASING = YES;
				CLANG_WARN_BOOL_CONVERSION = YES;
				CLANG_WARN_COMMA = YES;
				CLANG_WARN_CONSTANT_CONVERSION = YES;
				CLANG_WARN_DEPRECATED_OBJC_IMPLEMENTATIONS = YES;
				CLANG_WARN_DIRECT_OBJC_ISA_USAGE = YES_ERROR;
				CLANG_WARN_DOCUMENTATION_COMMENTS = YES;
				CLANG_WARN_EMPTY_BODY = YES;
				CLANG_WARN_ENUM_CONVERSION = YES;
				CLANG_WARN_INFINITE_RECURSION = YES;
				CLANG_WARN_INT_CONVERSION = YES;
				CLANG_WARN_NON_LITERAL_NULL_CONVERSION = YES;
				CLANG_WARN_OBJC_IMPLICIT_RETAIN_SELF = YES;
				CLANG_WARN_OBJC_LITERAL_CONVERSION = YES;
				CLANG_WARN_OBJC_ROOT_CLASS = YES_ERROR;
				CLANG_WARN_QUOTED_INCLUDE_IN_FRAMEWORK_HEADER = YES;
				CLANG_WARN_RANGE_LOOP_ANALYSIS = YES;
				CLANG_WARN_STRICT_PROTOTYPES = YES;
				CLANG_WARN_SUSPICIOUS_MOVE = YES;
				CLANG_WARN_UNGUARDED_AVAILABILITY = YES_AGGRESSIVE;
				CLANG_WARN_UNREACHABLE_CODE = YES;
				CLANG_WARN__DUPLICATE_METHOD_MATCH = YES;
				COPY_PHASE_STRIP = NO;
				DEBUG_INFORMATION_FORMAT = "dwarf-with-dsym";
				ENABLE_NS_ASSERTIONS = NO;
				ENABLE_STRICT_OBJC_MSGSEND = YES;
				GCC_C_LANGUAGE_STANDARD = gnu11;
				GCC_NO_COMMON_BLOCKS = YES;
				GCC_WARN_64_TO_32_BIT_CONVERSION = YES;
				GCC_WARN_ABOUT_RETURN_TYPE = YES_ERROR;
				GCC_WARN_UNDECLARED_SELECTOR = YES;
				GCC_WARN_UNINITIALIZED_AUTOS = YES_AGGRESSIVE;
				GCC_WARN_UNUSED_FUNCTION = YES;
				GCC_WARN_UNUSED_VARIABLE = YES;
				IPHONEOS_DEPLOYMENT_TARGET = 14.4;
				MTL_ENABLE_DEBUG_INFO = NO;
				MTL_FAST_MATH = YES;
				SDKROOT = iphoneos;
				SWIFT_COMPILATION_MODE = wholemodule;
				SWIFT_OPTIMIZATION_LEVEL = "-O";
				VALIDATE_PRODUCT = YES;
			};
			name = Release;
		};
		615064D225FA9CA000FE8574 /* Debug */ = {
			isa = XCBuildConfiguration;
			baseConfigurationReference = 9072853D5D6B2EF1197CE914 /* Pods-Parstagram.debug.xcconfig */;
			buildSettings = {
				ASSETCATALOG_COMPILER_APPICON_NAME = AppIcon;
				ASSETCATALOG_COMPILER_GLOBAL_ACCENT_COLOR_NAME = AccentColor;
				CODE_SIGN_STYLE = Automatic;
				DEVELOPMENT_TEAM = 74JCV65TJL;
				INFOPLIST_FILE = Parstagram/Info.plist;
				LD_RUNPATH_SEARCH_PATHS = (
					"$(inherited)",
					"@executable_path/Frameworks",
				);
				PRODUCT_BUNDLE_IDENTIFIER = hayleyrobinson515.Parstagram;
				PRODUCT_NAME = "$(TARGET_NAME)";
				SWIFT_VERSION = 5.0;
				TARGETED_DEVICE_FAMILY = 1;
			};
			name = Debug;
		};
		615064D325FA9CA000FE8574 /* Release */ = {
			isa = XCBuildConfiguration;
			baseConfigurationReference = E11F5B3647C945F5692B7B27 /* Pods-Parstagram.release.xcconfig */;
			buildSettings = {
				ASSETCATALOG_COMPILER_APPICON_NAME = AppIcon;
				ASSETCATALOG_COMPILER_GLOBAL_ACCENT_COLOR_NAME = AccentColor;
				CODE_SIGN_STYLE = Automatic;
				DEVELOPMENT_TEAM = 74JCV65TJL;
				INFOPLIST_FILE = Parstagram/Info.plist;
				LD_RUNPATH_SEARCH_PATHS = (
					"$(inherited)",
					"@executable_path/Frameworks",
				);
				PRODUCT_BUNDLE_IDENTIFIER = hayleyrobinson515.Parstagram;
				PRODUCT_NAME = "$(TARGET_NAME)";
				SWIFT_VERSION = 5.0;
				TARGETED_DEVICE_FAMILY = 1;
			};
			name = Release;
		};
		615064D525FA9CA000FE8574 /* Debug */ = {
			isa = XCBuildConfiguration;
			baseConfigurationReference = 991C8FF7BB2E1E7ACC2F7C86 /* Pods-ParstagramTests.debug.xcconfig */;
			buildSettings = {
				ALWAYS_EMBED_SWIFT_STANDARD_LIBRARIES = YES;
				BUNDLE_LOADER = "$(TEST_HOST)";
				CODE_SIGN_STYLE = Automatic;
				DEVELOPMENT_TEAM = 74JCV65TJL;
				INFOPLIST_FILE = ParstagramTests/Info.plist;
				IPHONEOS_DEPLOYMENT_TARGET = 14.4;
				LD_RUNPATH_SEARCH_PATHS = (
					"$(inherited)",
					"@executable_path/Frameworks",
					"@loader_path/Frameworks",
				);
				PRODUCT_BUNDLE_IDENTIFIER = hayleyrobinson515.ParstagramTests;
				PRODUCT_NAME = "$(TARGET_NAME)";
				SWIFT_VERSION = 5.0;
				TARGETED_DEVICE_FAMILY = "1,2";
				TEST_HOST = "$(BUILT_PRODUCTS_DIR)/Parstagram.app/Parstagram";
			};
			name = Debug;
		};
		615064D625FA9CA000FE8574 /* Release */ = {
			isa = XCBuildConfiguration;
			baseConfigurationReference = 13214679FBCD8718E1A3DAAF /* Pods-ParstagramTests.release.xcconfig */;
			buildSettings = {
				ALWAYS_EMBED_SWIFT_STANDARD_LIBRARIES = YES;
				BUNDLE_LOADER = "$(TEST_HOST)";
				CODE_SIGN_STYLE = Automatic;
				DEVELOPMENT_TEAM = 74JCV65TJL;
				INFOPLIST_FILE = ParstagramTests/Info.plist;
				IPHONEOS_DEPLOYMENT_TARGET = 14.4;
				LD_RUNPATH_SEARCH_PATHS = (
					"$(inherited)",
					"@executable_path/Frameworks",
					"@loader_path/Frameworks",
				);
				PRODUCT_BUNDLE_IDENTIFIER = hayleyrobinson515.ParstagramTests;
				PRODUCT_NAME = "$(TARGET_NAME)";
				SWIFT_VERSION = 5.0;
				TARGETED_DEVICE_FAMILY = "1,2";
				TEST_HOST = "$(BUILT_PRODUCTS_DIR)/Parstagram.app/Parstagram";
			};
			name = Release;
		};
		615064D825FA9CA000FE8574 /* Debug */ = {
			isa = XCBuildConfiguration;
			baseConfigurationReference = CDD9CE2D7E06801EE0919E90 /* Pods-Parstagram-ParstagramUITests.debug.xcconfig */;
			buildSettings = {
				ALWAYS_EMBED_SWIFT_STANDARD_LIBRARIES = YES;
				CODE_SIGN_STYLE = Automatic;
				DEVELOPMENT_TEAM = 74JCV65TJL;
				INFOPLIST_FILE = ParstagramUITests/Info.plist;
				LD_RUNPATH_SEARCH_PATHS = (
					"$(inherited)",
					"@executable_path/Frameworks",
					"@loader_path/Frameworks",
				);
				PRODUCT_BUNDLE_IDENTIFIER = hayleyrobinson515.ParstagramUITests;
				PRODUCT_NAME = "$(TARGET_NAME)";
				SWIFT_VERSION = 5.0;
				TARGETED_DEVICE_FAMILY = "1,2";
				TEST_TARGET_NAME = Parstagram;
			};
			name = Debug;
		};
		615064D925FA9CA000FE8574 /* Release */ = {
			isa = XCBuildConfiguration;
			baseConfigurationReference = 8CF9B13DB57147E0A972B264 /* Pods-Parstagram-ParstagramUITests.release.xcconfig */;
			buildSettings = {
				ALWAYS_EMBED_SWIFT_STANDARD_LIBRARIES = YES;
				CODE_SIGN_STYLE = Automatic;
				DEVELOPMENT_TEAM = 74JCV65TJL;
				INFOPLIST_FILE = ParstagramUITests/Info.plist;
				LD_RUNPATH_SEARCH_PATHS = (
					"$(inherited)",
					"@executable_path/Frameworks",
					"@loader_path/Frameworks",
				);
				PRODUCT_BUNDLE_IDENTIFIER = hayleyrobinson515.ParstagramUITests;
				PRODUCT_NAME = "$(TARGET_NAME)";
				SWIFT_VERSION = 5.0;
				TARGETED_DEVICE_FAMILY = "1,2";
				TEST_TARGET_NAME = Parstagram;
			};
			name = Release;
		};
/* End XCBuildConfiguration section */

/* Begin XCConfigurationList section */
		615064A225FA9C9E00FE8574 /* Build configuration list for PBXProject "Parstagram" */ = {
			isa = XCConfigurationList;
			buildConfigurations = (
				615064CF25FA9CA000FE8574 /* Debug */,
				615064D025FA9CA000FE8574 /* Release */,
			);
			defaultConfigurationIsVisible = 0;
			defaultConfigurationName = Release;
		};
		615064D125FA9CA000FE8574 /* Build configuration list for PBXNativeTarget "Parstagram" */ = {
			isa = XCConfigurationList;
			buildConfigurations = (
				615064D225FA9CA000FE8574 /* Debug */,
				615064D325FA9CA000FE8574 /* Release */,
			);
			defaultConfigurationIsVisible = 0;
			defaultConfigurationName = Release;
		};
		615064D425FA9CA000FE8574 /* Build configuration list for PBXNativeTarget "ParstagramTests" */ = {
			isa = XCConfigurationList;
			buildConfigurations = (
				615064D525FA9CA000FE8574 /* Debug */,
				615064D625FA9CA000FE8574 /* Release */,
			);
			defaultConfigurationIsVisible = 0;
			defaultConfigurationName = Release;
		};
		615064D725FA9CA000FE8574 /* Build configuration list for PBXNativeTarget "ParstagramUITests" */ = {
			isa = XCConfigurationList;
			buildConfigurations = (
				615064D825FA9CA000FE8574 /* Debug */,
				615064D925FA9CA000FE8574 /* Release */,
			);
			defaultConfigurationIsVisible = 0;
			defaultConfigurationName = Release;
		};
/* End XCConfigurationList section */
	};
	rootObject = 6150649F25FA9C9E00FE8574 /* Project object */;
}
