// !$*UTF8*$!
{
	archiveVersion = 1;
	classes = {
	};
	objectVersion = 50;
	objects = {

/* Begin PBXBuildFile section */
		615064AB25FA9C9E00FE8574 /* AppDelegate.swift in Sources */ = {isa = PBXBuildFile; fileRef = 615064AA25FA9C9E00FE8574 /* AppDelegate.swift */; };
		615064AD25FA9C9E00FE8574 /* SceneDelegate.swift in Sources */ = {isa = PBXBuildFile; fileRef = 615064AC25FA9C9E00FE8574 /* SceneDelegate.swift */; };
		615064AF25FA9C9E00FE8574 /* ViewController.swift in Sources */ = {isa = PBXBuildFile; fileRef = 615064AE25FA9C9E00FE8574 /* ViewController.swift */; };
		615064B225FA9C9E00FE8574 /* Main.storyboard in Resources */ = {isa = PBXBuildFile; fileRef = 615064B025FA9C9E00FE8574 /* Main.storyboard */; };
		615064B425FA9CA000FE8574 /* Assets.xcassets in Resources */ = {isa = PBXBuildFile; fileRef = 615064B325FA9CA000FE8574 /* Assets.xcassets */; };
		615064B725FA9CA000FE8574 /* LaunchScreen.storyboard in Resources */ = {isa = PBXBuildFile; fileRef = 615064B525FA9CA000FE8574 /* LaunchScreen.storyboard */; };
		615064C225FA9CA000FE8574 /* ParstagramTests.swift in Sources */ = {isa = PBXBuildFile; fileRef = 615064C125FA9CA000FE8574 /* ParstagramTests.swift */; };
		615064CD25FA9CA000FE8574 /* ParstagramUITests.swift in Sources */ = {isa = PBXBuildFile; fileRef = 615064CC25FA9CA000FE8574 /* ParstagramUITests.swift */; };
/* End PBXBuildFile section */

/* Begin PBXContainerItemProxy section */
		615064BE25FA9CA000FE8574 /* PBXContainerItemProxy */ = {
			isa = PBXContainerItemProxy;
			containerPortal = 6150649F25FA9C9E00FE8574 /* Project object */;
			proxyType = 1;
			remoteGlobalIDString = 615064A625FA9C9E00FE8574;
			remoteInfo = Parstagram;
		};
		615064C925FA9CA000FE8574 /* PBXContainerItemProxy */ = {
			isa = PBXContainerItemProxy;
			containerPortal = 6150649F25FA9C9E00FE8574 /* Project object */;
			proxyType = 1;
			remoteGlobalIDString = 615064A625FA9C9E00FE8574;
			remoteInfo = Parstagram;
		};
/* End PBXContainerItemProxy section */

/* Begin PBXFileReference section */
		615064A725FA9C9E00FE8574 /* Parstagram.app */ = {isa = PBXFileReference; explicitFileType = wrapper.application; includeInIndex = 0; path = Parstagram.app; sourceTree = BUILT_PRODUCTS_DIR; };
		615064AA25FA9C9E00FE8574 /* AppDelegate.swift */ = {isa = PBXFileReference; lastKnownFileType = sourcecode.swift; path = AppDelegate.swift; sourceTree = "<group>"; };
		615064AC25FA9C9E00FE8574 /* SceneDelegate.swift */ = {isa = PBXFileReference; lastKnownFileType = sourcecode.swift; path = SceneDelegate.swift; sourceTree = "<group>"; };
		615064AE25FA9C9E00FE8574 /* ViewController.swift */ = {isa = PBXFileReference; lastKnownFileType = sourcecode.swift; path = ViewController.swift; sourceTree = "<group>"; };
		615064B125FA9C9E00FE8574 /* Base */ = {isa = PBXFileReference; lastKnownFileType = file.storyboard; name = Base; path = Base.lproj/Main.storyboard; sourceTree = "<group>"; };
		615064B325FA9CA000FE8574 /* Assets.xcassets */ = {isa = PBXFileReference; lastKnownFileType = folder.assetcatalog; path = Assets.xcassets; sourceTree = "<group>"; };
		615064B625FA9CA000FE8574 /* Base */ = {isa = PBXFileReference; lastKnownFileType = file.storyboard; name = Base; path = Base.lproj/LaunchScreen.storyboard; sourceTree = "<group>"; };
		615064B825FA9CA000FE8574 /* Info.plist */ = {isa = PBXFileReference; lastKnownFileType = text.plist.xml; path = Info.plist; sourceTree = "<group>"; };
		615064BD25FA9CA000FE8574 /* ParstagramTests.xctest */ = {isa = PBXFileReference; explicitFileType = wrapper.cfbundle; includeInIndex = 0; path = ParstagramTests.xctest; sourceTree = BUILT_PRODUCTS_DIR; };
		615064C125FA9CA000FE8574 /* ParstagramTests.swift */ = {isa = PBXFileReference; lastKnownFileType = sourcecode.swift; path = ParstagramTests.swift; sourceTree = "<group>"; };
		615064C325FA9CA000FE8574 /* Info.plist */ = {isa = PBXFileReference; lastKnownFileType = text.plist.xml; path = Info.plist; sourceTree = "<group>"; };
		615064C825FA9CA000FE8574 /* ParstagramUITests.xctest */ = {isa = PBXFileReference; explicitFileType = wrapper.cfbundle; includeInIndex = 0; path = ParstagramUITests.xctest; sourceTree = BUILT_PRODUCTS_DIR; };
		615064CC25FA9CA000FE8574 /* ParstagramUITests.swift */ = {isa = PBXFileReference; lastKnownFileType = sourcecode.swift; path = ParstagramUITests.swift; sourceTree = "<group>"; };
		615064CE25FA9CA000FE8574 /* Info.plist */ = {isa = PBXFileReference; lastKnownFileType = text.plist.xml; path = Info.plist; sourceTree = "<group>"; };
/* End PBXFileReference section */

/* Begin PBXFrameworksBuildPhase section */
		615064A425FA9C9E00FE8574 /* Frameworks */ = {
			isa = PBXFrameworksBuildPhase;
			buildActionMask = 2147483647;
			files = (
			);
			runOnlyForDeploymentPostprocessing = 0;
		};
		615064BA25FA9CA000FE8574 /* Frameworks */ = {
			isa = PBXFrameworksBuildPhase;
			buildActionMask = 2147483647;
			files = (
			);
			runOnlyForDeploymentPostprocessing = 0;
		};
		615064C525FA9CA000FE8574 /* Frameworks */ = {
			isa = PBXFrameworksBuildPhase;
			buildActionMask = 2147483647;
			files = (
			);
			runOnlyForDeploymentPostprocessing = 0;
		};
/* End PBXFrameworksBuildPhase section */

/* Begin PBXGroup section */
		6150649E25FA9C9E00FE8574 = {
			isa = PBXGroup;
			children = (
				615064A925FA9C9E00FE8574 /* Parstagram */,
				615064C025FA9CA000FE8574 /* ParstagramTests */,
				615064CB25FA9CA000FE8574 /* ParstagramUITests */,
				615064A825FA9C9E00FE8574 /* Products */,
			);
			sourceTree = "<group>";
		};
		615064A825FA9C9E00FE8574 /* Products */ = {
			isa = PBXGroup;
			children = (
				615064A725FA9C9E00FE8574 /* Parstagram.app */,
				615064BD25FA9CA000FE8574 /* ParstagramTests.xctest */,
				615064C825FA9CA000FE8574 /* ParstagramUITests.xctest */,
			);
			name = Products;
			sourceTree = "<group>";
		};
		615064A925FA9C9E00FE8574 /* Parstagram */ = {
			isa = PBXGroup;
			children = (
				615064AA25FA9C9E00FE8574 /* AppDelegate.swift */,
				615064AC25FA9C9E00FE8574 /* SceneDelegate.swift */,
				615064AE25FA9C9E00FE8574 /* ViewController.swift */,
				615064B025FA9C9E00FE8574 /* Main.storyboard */,
				615064B325FA9CA000FE8574 /* Assets.xcassets */,
				615064B525FA9CA000FE8574 /* LaunchScreen.storyboard */,
				615064B825FA9CA000FE8574 /* Info.plist */,
			);
			path = Parstagram;
			sourceTree = "<group>";
		};
		615064C025FA9CA000FE8574 /* ParstagramTests */ = {
			isa = PBXGroup;
			children = (
				615064C125FA9CA000FE8574 /* ParstagramTests.swift */,
				615064C325FA9CA000FE8574 /* Info.plist */,
			);
			path = ParstagramTests;
			sourceTree = "<group>";
		};
		615064CB25FA9CA000FE8574 /* ParstagramUITests */ = {
			isa = PBXGroup;
			children = (
				615064CC25FA9CA000FE8574 /* ParstagramUITests.swift */,
				615064CE25FA9CA000FE8574 /* Info.plist */,
			);
			path = ParstagramUITests;
			sourceTree = "<group>";
		};
/* End PBXGroup section */

/* Begin PBXNativeTarget section */
		615064A625FA9C9E00FE8574 /* Parstagram */ = {
			isa = PBXNativeTarget;
			buildConfigurationList = 615064D125FA9CA000FE8574 /* Build configuration list for PBXNativeTarget "Parstagram" */;
			buildPhases = (
				615064A325FA9C9E00FE8574 /* Sources */,
				615064A425FA9C9E00FE8574 /* Frameworks */,
				615064A525FA9C9E00FE8574 /* Resources */,
			);
			buildRules = (
			);
			dependencies = (
			);
			name = Parstagram;
			productName = Parstagram;
			productReference = 615064A725FA9C9E00FE8574 /* Parstagram.app */;
			productType = "com.apple.product-type.application";
		};
		615064BC25FA9CA000FE8574 /* ParstagramTests */ = {
			isa = PBXNativeTarget;
			buildConfigurationList = 615064D425FA9CA000FE8574 /* Build configuration list for PBXNativeTarget "ParstagramTests" */;
			buildPhases = (
				615064B925FA9CA000FE8574 /* Sources */,
				615064BA25FA9CA000FE8574 /* Frameworks */,
				615064BB25FA9CA000FE8574 /* Resources */,
			);
			buildRules = (
			);
			dependencies = (
				615064BF25FA9CA000FE8574 /* PBXTargetDependency */,
			);
			name = ParstagramTests;
			productName = ParstagramTests;
			productReference = 615064BD25FA9CA000FE8574 /* ParstagramTests.xctest */;
			productType = "com.apple.product-type.bundle.unit-test";
		};
		615064C725FA9CA000FE8574 /* ParstagramUITests */ = {
			isa = PBXNativeTarget;
			buildConfigurationList = 615064D725FA9CA000FE8574 /* Build configuration list for PBXNativeTarget "ParstagramUITests" */;
			buildPhases = (
				615064C425FA9CA000FE8574 /* Sources */,
				615064C525FA9CA000FE8574 /* Frameworks */,
				615064C625FA9CA000FE8574 /* Resources */,
			);
			buildRules = (
			);
			dependencies = (
				615064CA25FA9CA000FE8574 /* PBXTargetDependency */,
			);
			name = ParstagramUITests;
			productName = ParstagramUITests;
			productReference = 615064C825FA9CA000FE8574 /* ParstagramUITests.xctest */;
			productType = "com.apple.product-type.bundle.ui-testing";
		};
/* End PBXNativeTarget section */

/* Begin PBXProject section */
		6150649F25FA9C9E00FE8574 /* Project object */ = {
			isa = PBXProject;
			attributes = {
				LastSwiftUpdateCheck = 1240;
				LastUpgradeCheck = 1240;
				TargetAttributes = {
					615064A625FA9C9E00FE8574 = {
						CreatedOnToolsVersion = 12.4;
					};
					615064BC25FA9CA000FE8574 = {
						CreatedOnToolsVersion = 12.4;
						TestTargetID = 615064A625FA9C9E00FE8574;
					};
					615064C725FA9CA000FE8574 = {
						CreatedOnToolsVersion = 12.4;
						TestTargetID = 615064A625FA9C9E00FE8574;
					};
				};
			};
			buildConfigurationList = 615064A225FA9C9E00FE8574 /* Build configuration list for PBXProject "Parstagram" */;
			compatibilityVersion = "Xcode 9.3";
			developmentRegion = en;
			hasScannedForEncodings = 0;
			knownRegions = (
				en,
				Base,
			);
			mainGroup = 6150649E25FA9C9E00FE8574;
			productRefGroup = 615064A825FA9C9E00FE8574 /* Products */;
			projectDirPath = "";
			projectRoot = "";
			targets = (
				615064A625FA9C9E00FE8574 /* Parstagram */,
				615064BC25FA9CA000FE8574 /* ParstagramTests */,
				615064C725FA9CA000FE8574 /* ParstagramUITests */,
			);
		};
/* End PBXProject section */

/* Begin PBXResourcesBuildPhase section */
		615064A525FA9C9E00FE8574 /* Resources */ = {
			isa = PBXResourcesBuildPhase;
			buildActionMask = 2147483647;
			files = (
				615064B725FA9CA000FE8574 /* LaunchScreen.storyboard in Resources */,
				615064B425FA9CA000FE8574 /* Assets.xcassets in Resources */,
				615064B225FA9C9E00FE8574 /* Main.storyboard in Resources */,
			);
			runOnlyForDeploymentPostprocessing = 0;
		};
		615064BB25FA9CA000FE8574 /* Resources */ = {
			isa = PBXResourcesBuildPhase;
			buildActionMask = 2147483647;
			files = (
			);
			runOnlyForDeploymentPostprocessing = 0;
		};
		615064C625FA9CA000FE8574 /* Resources */ = {
			isa = PBXResourcesBuildPhase;
			buildActionMask = 2147483647;
			files = (
			);
			runOnlyForDeploymentPostprocessing = 0;
		};
/* End PBXResourcesBuildPhase section */

/* Begin PBXSourcesBuildPhase section */
		615064A325FA9C9E00FE8574 /* Sources */ = {
			isa = PBXSourcesBuildPhase;
			buildActionMask = 2147483647;
			files = (
				615064AF25FA9C9E00FE8574 /* ViewController.swift in Sources */,
				615064AB25FA9C9E00FE8574 /* AppDelegate.swift in Sources */,
				615064AD25FA9C9E00FE8574 /* SceneDelegate.swift in Sources */,
			);
			runOnlyForDeploymentPostprocessing = 0;
		};
		615064B925FA9CA000FE8574 /* Sources */ = {
			isa = PBXSourcesBuildPhase;
			buildActionMask = 2147483647;
			files = (
				615064C225FA9CA000FE8574 /* ParstagramTests.swift in Sources */,
			);
			runOnlyForDeploymentPostprocessing = 0;
		};
		615064C425FA9CA000FE8574 /* Sources */ = {
			isa = PBXSourcesBuildPhase;
			buildActionMask = 2147483647;
			files = (
				615064CD25FA9CA000FE8574 /* ParstagramUITests.swift in Sources */,
			);
			runOnlyForDeploymentPostprocessing = 0;
		};
/* End PBXSourcesBuildPhase section */

/* Begin PBXTargetDependency section */
		615064BF25FA9CA000FE8574 /* PBXTargetDependency */ = {
			isa = PBXTargetDependency;
			target = 615064A625FA9C9E00FE8574 /* Parstagram */;
			targetProxy = 615064BE25FA9CA000FE8574 /* PBXContainerItemProxy */;
		};
		615064CA25FA9CA000FE8574 /* PBXTargetDependency */ = {
			isa = PBXTargetDependency;
			target = 615064A625FA9C9E00FE8574 /* Parstagram */;
			targetProxy = 615064C925FA9CA000FE8574 /* PBXContainerItemProxy */;
		};
/* End PBXTargetDependency section */

/* Begin PBXVariantGroup section */
		615064B025FA9C9E00FE8574 /* Main.storyboard */ = {
			isa = PBXVariantGroup;
			children = (
				615064B125FA9C9E00FE8574 /* Base */,
			);
			name = Main.storyboard;
			sourceTree = "<group>";
		};
		615064B525FA9CA000FE8574 /* LaunchScreen.storyboard */ = {
			isa = PBXVariantGroup;
			children = (
				615064B625FA9CA000FE8574 /* Base */,
			);
			name = LaunchScreen.storyboard;
			sourceTree = "<group>";
		};
/* End PBXVariantGroup section */

/* Begin XCBuildConfiguration section */
		615064CF25FA9CA000FE8574 /* Debug */ = {
			isa = XCBuildConfiguration;
			buildSettings = {
				ALWAYS_SEARCH_USER_PATHS = NO;
				CLANG_ANALYZER_NONNULL = YES;
				CLANG_ANALYZER_NUMBER_OBJECT_CONVERSION = YES_AGGRESSIVE;
				CLANG_CXX_LANGUAGE_STANDARD = "gnu++14";
				CLANG_CXX_LIBRARY = "libc++";
				CLANG_ENABLE_MODULES = YES;
				CLANG_ENABLE_OBJC_ARC = YES;
				CLANG_ENABLE_OBJC_WEAK = YES;
				CLANG_WARN_BLOCK_CAPTURE_AUTORELEASING = YES;
				CLANG_WARN_BOOL_CONVERSION = YES;
				CLANG_WARN_COMMA = YES;
				CLANG_WARN_CONSTANT_CONVERSION = YES;
				CLANG_WARN_DEPRECATED_OBJC_IMPLEMENTATIONS = YES;
				CLANG_WARN_DIRECT_OBJC_ISA_USAGE = YES_ERROR;
				CLANG_WARN_DOCUMENTATION_COMMENTS = YES;
				CLANG_WARN_EMPTY_BODY = YES;
				CLANG_WARN_ENUM_CONVERSION = YES;
				CLANG_WARN_INFINITE_RECURSION = YES;
				CLANG_WARN_INT_CONVERSION = YES;
				CLANG_WARN_NON_LITERAL_NULL_CONVERSION = YES;
				CLANG_WARN_OBJC_IMPLICIT_RETAIN_SELF = YES;
				CLANG_WARN_OBJC_LITERAL_CONVERSION = YES;
				CLANG_WARN_OBJC_ROOT_CLASS = YES_ERROR;
				CLANG_WARN_QUOTED_INCLUDE_IN_FRAMEWORK_HEADER = YES;
				CLANG_WARN_RANGE_LOOP_ANALYSIS = YES;
				CLANG_WARN_STRICT_PROTOTYPES = YES;
				CLANG_WARN_SUSPICIOUS_MOVE = YES;
				CLANG_WARN_UNGUARDED_AVAILABILITY = YES_AGGRESSIVE;
				CLANG_WARN_UNREACHABLE_CODE = YES;
				CLANG_WARN__DUPLICATE_METHOD_MATCH = YES;
				COPY_PHASE_STRIP = NO;
				DEBUG_INFORMATION_FORMAT = dwarf;
				ENABLE_STRICT_OBJC_MSGSEND = YES;
				ENABLE_TESTABILITY = YES;
				GCC_C_LANGUAGE_STANDARD = gnu11;
				GCC_DYNAMIC_NO_PIC = NO;
				GCC_NO_COMMON_BLOCKS = YES;
				GCC_OPTIMIZATION_LEVEL = 0;
				GCC_PREPROCESSOR_DEFINITIONS = (
					"DEBUG=1",
					"$(inherited)",
				);
				GCC_WARN_64_TO_32_BIT_CONVERSION = YES;
				GCC_WARN_ABOUT_RETURN_TYPE = YES_ERROR;
				GCC_WARN_UNDECLARED_SELECTOR = YES;
				GCC_WARN_UNINITIALIZED_AUTOS = YES_AGGRESSIVE;
				GCC_WARN_UNUSED_FUNCTION = YES;
				GCC_WARN_UNUSED_VARIABLE = YES;
				IPHONEOS_DEPLOYMENT_TARGET = 14.4;
				MTL_ENABLE_DEBUG_INFO = INCLUDE_SOURCE;
				MTL_FAST_MATH = YES;
				ONLY_ACTIVE_ARCH = YES;
				SDKROOT = iphoneos;
				SWIFT_ACTIVE_COMPILATION_CONDITIONS = DEBUG;
				SWIFT_OPTIMIZATION_LEVEL = "-Onone";
			};
			name = Debug;
		};
		615064D025FA9CA000FE8574 /* Release */ = {
			isa = XCBuildConfiguration;
			buildSettings = {
				ALWAYS_SEARCH_USER_PATHS = NO;
				CLANG_ANALYZER_NONNULL = YES;
				CLANG_ANALYZER_NUMBER_OBJECT_CONVERSION = YES_AGGRESSIVE;
				CLANG_CXX_LANGUAGE_STANDARD = "gnu++14";
				CLANG_CXX_LIBRARY = "libc++";
				CLANG_ENABLE_MODULES = YES;
				CLANG_ENABLE_OBJC_ARC = YES;
				CLANG_ENABLE_OBJC_WEAK = YES;
				CLANG_WARN_BLOCK_CAPTURE_AUTORELEASING = YES;
				CLANG_WARN_BOOL_CONVERSION = YES;
				CLANG_WARN_COMMA = YES;
				CLANG_WARN_CONSTANT_CONVERSION = YES;
				CLANG_WARN_DEPRECATED_OBJC_IMPLEMENTATIONS = YES;
				CLANG_WARN_DIRECT_OBJC_ISA_USAGE = YES_ERROR;
				CLANG_WARN_DOCUMENTATION_COMMENTS = YES;
				CLANG_WARN_EMPTY_BODY = YES;
				CLANG_WARN_ENUM_CONVERSION = YES;
				CLANG_WARN_INFINITE_RECURSION = YES;
				CLANG_WARN_INT_CONVERSION = YES;
				CLANG_WARN_NON_LITERAL_NULL_CONVERSION = YES;
				CLANG_WARN_OBJC_IMPLICIT_RETAIN_SELF = YES;
				CLANG_WARN_OBJC_LITERAL_CONVERSION = YES;
				CLANG_WARN_OBJC_ROOT_CLASS = YES_ERROR;
				CLANG_WARN_QUOTED_INCLUDE_IN_FRAMEWORK_HEADER = YES;
				CLANG_WARN_RANGE_LOOP_ANALYSIS = YES;
				CLANG_WARN_STRICT_PROTOTYPES = YES;
				CLANG_WARN_SUSPICIOUS_MOVE = YES;
				CLANG_WARN_UNGUARDED_AVAILABILITY = YES_AGGRESSIVE;
				CLANG_WARN_UNREACHABLE_CODE = YES;
				CLANG_WARN__DUPLICATE_METHOD_MATCH = YES;
				COPY_PHASE_STRIP = NO;
				DEBUG_INFORMATION_FORMAT = "dwarf-with-dsym";
				ENABLE_NS_ASSERTIONS = NO;
				ENABLE_STRICT_OBJC_MSGSEND = YES;
				GCC_C_LANGUAGE_STANDARD = gnu11;
				GCC_NO_COMMON_BLOCKS = YES;
				GCC_WARN_64_TO_32_BIT_CONVERSION = YES;
				GCC_WARN_ABOUT_RETURN_TYPE = YES_ERROR;
				GCC_WARN_UNDECLARED_SELECTOR = YES;
				GCC_WARN_UNINITIALIZED_AUTOS = YES_AGGRESSIVE;
				GCC_WARN_UNUSED_FUNCTION = YES;
				GCC_WARN_UNUSED_VARIABLE = YES;
				IPHONEOS_DEPLOYMENT_TARGET = 14.4;
				MTL_ENABLE_DEBUG_INFO = NO;
				MTL_FAST_MATH = YES;
				SDKROOT = iphoneos;
				SWIFT_COMPILATION_MODE = wholemodule;
				SWIFT_OPTIMIZATION_LEVEL = "-O";
				VALIDATE_PRODUCT = YES;
			};
			name = Release;
		};
		615064D225FA9CA000FE8574 /* Debug */ = {
			isa = XCBuildConfiguration;
			buildSettings = {
				ASSETCATALOG_COMPILER_APPICON_NAME = AppIcon;
				ASSETCATALOG_COMPILER_GLOBAL_ACCENT_COLOR_NAME = AccentColor;
				CODE_SIGN_STYLE = Automatic;
				DEVELOPMENT_TEAM = 74JCV65TJL;
				INFOPLIST_FILE = Parstagram/Info.plist;
				LD_RUNPATH_SEARCH_PATHS = (
					"$(inherited)",
					"@executable_path/Frameworks",
				);
				PRODUCT_BUNDLE_IDENTIFIER = hayleyrobinson515.Parstagram;
				PRODUCT_NAME = "$(TARGET_NAME)";
				SWIFT_VERSION = 5.0;
				TARGETED_DEVICE_FAMILY = "1,2";
			};
			name = Debug;
		};
		615064D325FA9CA000FE8574 /* Release */ = {
			isa = XCBuildConfiguration;
			buildSettings = {
				ASSETCATALOG_COMPILER_APPICON_NAME = AppIcon;
				ASSETCATALOG_COMPILER_GLOBAL_ACCENT_COLOR_NAME = AccentColor;
				CODE_SIGN_STYLE = Automatic;
				DEVELOPMENT_TEAM = 74JCV65TJL;
				INFOPLIST_FILE = Parstagram/Info.plist;
				LD_RUNPATH_SEARCH_PATHS = (
					"$(inherited)",
					"@executable_path/Frameworks",
				);
				PRODUCT_BUNDLE_IDENTIFIER = hayleyrobinson515.Parstagram;
				PRODUCT_NAME = "$(TARGET_NAME)";
				SWIFT_VERSION = 5.0;
				TARGETED_DEVICE_FAMILY = "1,2";
			};
			name = Release;
		};
		615064D525FA9CA000FE8574 /* Debug */ = {
			isa = XCBuildConfiguration;
			buildSettings = {
				ALWAYS_EMBED_SWIFT_STANDARD_LIBRARIES = YES;
				BUNDLE_LOADER = "$(TEST_HOST)";
				CODE_SIGN_STYLE = Automatic;
				DEVELOPMENT_TEAM = 74JCV65TJL;
				INFOPLIST_FILE = ParstagramTests/Info.plist;
				IPHONEOS_DEPLOYMENT_TARGET = 14.4;
				LD_RUNPATH_SEARCH_PATHS = (
					"$(inherited)",
					"@executable_path/Frameworks",
					"@loader_path/Frameworks",
				);
				PRODUCT_BUNDLE_IDENTIFIER = hayleyrobinson515.ParstagramTests;
				PRODUCT_NAME = "$(TARGET_NAME)";
				SWIFT_VERSION = 5.0;
				TARGETED_DEVICE_FAMILY = "1,2";
				TEST_HOST = "$(BUILT_PRODUCTS_DIR)/Parstagram.app/Parstagram";
			};
			name = Debug;
		};
		615064D625FA9CA000FE8574 /* Release */ = {
			isa = XCBuildConfiguration;
			buildSettings = {
				ALWAYS_EMBED_SWIFT_STANDARD_LIBRARIES = YES;
				BUNDLE_LOADER = "$(TEST_HOST)";
				CODE_SIGN_STYLE = Automatic;
				DEVELOPMENT_TEAM = 74JCV65TJL;
				INFOPLIST_FILE = ParstagramTests/Info.plist;
				IPHONEOS_DEPLOYMENT_TARGET = 14.4;
				LD_RUNPATH_SEARCH_PATHS = (
					"$(inherited)",
					"@executable_path/Frameworks",
					"@loader_path/Frameworks",
				);
				PRODUCT_BUNDLE_IDENTIFIER = hayleyrobinson515.ParstagramTests;
				PRODUCT_NAME = "$(TARGET_NAME)";
				SWIFT_VERSION = 5.0;
				TARGETED_DEVICE_FAMILY = "1,2";
				TEST_HOST = "$(BUILT_PRODUCTS_DIR)/Parstagram.app/Parstagram";
			};
			name = Release;
		};
		615064D825FA9CA000FE8574 /* Debug */ = {
			isa = XCBuildConfiguration;
			buildSettings = {
				ALWAYS_EMBED_SWIFT_STANDARD_LIBRARIES = YES;
				CODE_SIGN_STYLE = Automatic;
				DEVELOPMENT_TEAM = 74JCV65TJL;
				INFOPLIST_FILE = ParstagramUITests/Info.plist;
				LD_RUNPATH_SEARCH_PATHS = (
					"$(inherited)",
					"@executable_path/Frameworks",
					"@loader_path/Frameworks",
				);
				PRODUCT_BUNDLE_IDENTIFIER = hayleyrobinson515.ParstagramUITests;
				PRODUCT_NAME = "$(TARGET_NAME)";
				SWIFT_VERSION = 5.0;
				TARGETED_DEVICE_FAMILY = "1,2";
				TEST_TARGET_NAME = Parstagram;
			};
			name = Debug;
		};
		615064D925FA9CA000FE8574 /* Release */ = {
			isa = XCBuildConfiguration;
			buildSettings = {
				ALWAYS_EMBED_SWIFT_STANDARD_LIBRARIES = YES;
				CODE_SIGN_STYLE = Automatic;
				DEVELOPMENT_TEAM = 74JCV65TJL;
				INFOPLIST_FILE = ParstagramUITests/Info.plist;
				LD_RUNPATH_SEARCH_PATHS = (
					"$(inherited)",
					"@executable_path/Frameworks",
					"@loader_path/Frameworks",
				);
				PRODUCT_BUNDLE_IDENTIFIER = hayleyrobinson515.ParstagramUITests;
				PRODUCT_NAME = "$(TARGET_NAME)";
				SWIFT_VERSION = 5.0;
				TARGETED_DEVICE_FAMILY = "1,2";
				TEST_TARGET_NAME = Parstagram;
			};
			name = Release;
		};
/* End XCBuildConfiguration section */

/* Begin XCConfigurationList section */
		615064A225FA9C9E00FE8574 /* Build configuration list for PBXProject "Parstagram" */ = {
			isa = XCConfigurationList;
			buildConfigurations = (
				615064CF25FA9CA000FE8574 /* Debug */,
				615064D025FA9CA000FE8574 /* Release */,
			);
			defaultConfigurationIsVisible = 0;
			defaultConfigurationName = Release;
		};
		615064D125FA9CA000FE8574 /* Build configuration list for PBXNativeTarget "Parstagram" */ = {
			isa = XCConfigurationList;
			buildConfigurations = (
				615064D225FA9CA000FE8574 /* Debug */,
				615064D325FA9CA000FE8574 /* Release */,
			);
			defaultConfigurationIsVisible = 0;
			defaultConfigurationName = Release;
		};
		615064D425FA9CA000FE8574 /* Build configuration list for PBXNativeTarget "ParstagramTests" */ = {
			isa = XCConfigurationList;
			buildConfigurations = (
				615064D525FA9CA000FE8574 /* Debug */,
				615064D625FA9CA000FE8574 /* Release */,
			);
			defaultConfigurationIsVisible = 0;
			defaultConfigurationName = Release;
		};
		615064D725FA9CA000FE8574 /* Build configuration list for PBXNativeTarget "ParstagramUITests" */ = {
			isa = XCConfigurationList;
			buildConfigurations = (
				615064D825FA9CA000FE8574 /* Debug */,
				615064D925FA9CA000FE8574 /* Release */,
			);
			defaultConfigurationIsVisible = 0;
			defaultConfigurationName = Release;
		};
/* End XCConfigurationList section */
	};
	rootObject = 6150649F25FA9C9E00FE8574 /* Project object */;
}
